// !$*UTF8*$!
{
	archiveVersion = 1;
	classes = {
	};
	objectVersion = 52;
	objects = {

/* Begin PBXBuildFile section */
		1CB39E07236B8341005E01F9 /* User.swift in Sources */ = {isa = PBXBuildFile; fileRef = 1CB39E06236B8341005E01F9 /* User.swift */; };
		1CB39EAB2374138A005E01F9 /* ToRootViewController.swift in Sources */ = {isa = PBXBuildFile; fileRef = 1CB39EA82374138A005E01F9 /* ToRootViewController.swift */; };
		1CB39EAC2374138A005E01F9 /* NewTripCreationView.swift in Sources */ = {isa = PBXBuildFile; fileRef = 1CB39EA92374138A005E01F9 /* NewTripCreationView.swift */; };
		1CB39EAD2374138A005E01F9 /* ToRootViewControllerWrapper.swift in Sources */ = {isa = PBXBuildFile; fileRef = 1CB39EAA2374138A005E01F9 /* ToRootViewControllerWrapper.swift */; };
		1CB39EB02374D663005E01F9 /* MapDetailViewController.swift in Sources */ = {isa = PBXBuildFile; fileRef = 1CB39EAF2374D663005E01F9 /* MapDetailViewController.swift */; };
		1CB39EB22374D676005E01F9 /* MapDetailViewControllerWrapper.swift in Sources */ = {isa = PBXBuildFile; fileRef = 1CB39EB12374D676005E01F9 /* MapDetailViewControllerWrapper.swift */; };
		1CB7DDC323668E8E000ED455 /* AppDelegate.swift in Sources */ = {isa = PBXBuildFile; fileRef = 1CB7DDC223668E8E000ED455 /* AppDelegate.swift */; };
		1CB7DDC523668E8E000ED455 /* SceneDelegate.swift in Sources */ = {isa = PBXBuildFile; fileRef = 1CB7DDC423668E8E000ED455 /* SceneDelegate.swift */; };
		1CB7DDC823668E8E000ED455 /* intripid_dev.xcdatamodeld in Sources */ = {isa = PBXBuildFile; fileRef = 1CB7DDC623668E8E000ED455 /* intripid_dev.xcdatamodeld */; };
		1CB7DDCA23668E8E000ED455 /* ContentView.swift in Sources */ = {isa = PBXBuildFile; fileRef = 1CB7DDC923668E8E000ED455 /* ContentView.swift */; };
		1CB7DDCC23668E93000ED455 /* Assets.xcassets in Resources */ = {isa = PBXBuildFile; fileRef = 1CB7DDCB23668E93000ED455 /* Assets.xcassets */; };
		1CB7DDCF23668E93000ED455 /* Preview Assets.xcassets in Resources */ = {isa = PBXBuildFile; fileRef = 1CB7DDCE23668E93000ED455 /* Preview Assets.xcassets */; };
		1CB7DDD223668E93000ED455 /* LaunchScreen.storyboard in Resources */ = {isa = PBXBuildFile; fileRef = 1CB7DDD023668E93000ED455 /* LaunchScreen.storyboard */; };
		1CB7DDDD23668E93000ED455 /* intripid_devTests.swift in Sources */ = {isa = PBXBuildFile; fileRef = 1CB7DDDC23668E93000ED455 /* intripid_devTests.swift */; };
		1CB7DDE823668E93000ED455 /* intripid_devUITests.swift in Sources */ = {isa = PBXBuildFile; fileRef = 1CB7DDE723668E93000ED455 /* intripid_devUITests.swift */; };
		1CB7DDF92366939C000ED455 /* TripListView.swift in Sources */ = {isa = PBXBuildFile; fileRef = 1CB7DDF82366939C000ED455 /* TripListView.swift */; };
		1CB7DDFF2366A6E7000ED455 /* Trip.swift in Sources */ = {isa = PBXBuildFile; fileRef = 1CB7DDFE2366A6E7000ED455 /* Trip.swift */; };
		1CB7DE012366C649000ED455 /* StatisticsView.swift in Sources */ = {isa = PBXBuildFile; fileRef = 1CB7DE002366C649000ED455 /* StatisticsView.swift */; };
		1CB7DE032366C654000ED455 /* ProfileView.swift in Sources */ = {isa = PBXBuildFile; fileRef = 1CB7DE022366C654000ED455 /* ProfileView.swift */; };
		1CB7DE052366C7CE000ED455 /* TripView.swift in Sources */ = {isa = PBXBuildFile; fileRef = 1CB7DE042366C7CE000ED455 /* TripView.swift */; };
		1CBFDF38236811D00055EC34 /* TripPhotosView.swift in Sources */ = {isa = PBXBuildFile; fileRef = 1CBFDF37236811D00055EC34 /* TripPhotosView.swift */; };
		1CBFDF3A236814050055EC34 /* TripCoverView.swift in Sources */ = {isa = PBXBuildFile; fileRef = 1CBFDF39236814050055EC34 /* TripCoverView.swift */; };
		1CBFDF3C236818E30055EC34 /* AddPhotosView.swift in Sources */ = {isa = PBXBuildFile; fileRef = 1CBFDF3B236818E30055EC34 /* AddPhotosView.swift */; };
		1CBFDF3E23681AA80055EC34 /* AddJournalView.swift in Sources */ = {isa = PBXBuildFile; fileRef = 1CBFDF3D23681AA80055EC34 /* AddJournalView.swift */; };
		1CBFDF40236826B80055EC34 /* TripMapView.swift in Sources */ = {isa = PBXBuildFile; fileRef = 1CBFDF3F236826B80055EC34 /* TripMapView.swift */; };
		1CD133E62367642B008230B7 /* TripViewModePicker.swift in Sources */ = {isa = PBXBuildFile; fileRef = 1CD133E52367642B008230B7 /* TripViewModePicker.swift */; };
		424F3E743727E09698C6AE95 /* Pods_intripid_devUITests.framework in Frameworks */ = {isa = PBXBuildFile; fileRef = 007FE4342221466759D186A9 /* Pods_intripid_devUITests.framework */; };
		5411B0C62373C7F900833764 /* Parsers.swift in Sources */ = {isa = PBXBuildFile; fileRef = 5411B0C52373C7F900833764 /* Parsers.swift */; };
		5411B0C82373C81200833764 /* TripDetailViewModel.swift in Sources */ = {isa = PBXBuildFile; fileRef = 5411B0C72373C81200833764 /* TripDetailViewModel.swift */; };
		5411B0CA2373C81B00833764 /* EditTripViewModel.swift in Sources */ = {isa = PBXBuildFile; fileRef = 5411B0C92373C81B00833764 /* EditTripViewModel.swift */; };
		5411B0CC2373C89B00833764 /* SplashScreen.swift in Sources */ = {isa = PBXBuildFile; fileRef = 5411B0CB2373C89B00833764 /* SplashScreen.swift */; };
		5411B0CE2373C8C300833764 /* TripDetailTestView.swift in Sources */ = {isa = PBXBuildFile; fileRef = 5411B0CD2373C8C200833764 /* TripDetailTestView.swift */; };
		5411B0D12373D6C000833764 /* EditTripAddPhotos.swift in Sources */ = {isa = PBXBuildFile; fileRef = 5411B0D02373D6C000833764 /* EditTripAddPhotos.swift */; };
		5411B0D52373F5E600833764 /* EditTripAddJournal.swift in Sources */ = {isa = PBXBuildFile; fileRef = 5411B0D42373F5E600833764 /* EditTripAddJournal.swift */; };
		5411B0D72374155300833764 /* TextBox.swiftui.swift in Sources */ = {isa = PBXBuildFile; fileRef = 5411B0D62374155200833764 /* TextBox.swiftui.swift */; };
		5411B0D9237421B400833764 /* NewTripCreationView.swift in Sources */ = {isa = PBXBuildFile; fileRef = 5411B0D8237421B300833764 /* NewTripCreationView.swift */; };
		5411B0DB237421FD00833764 /* ToRootViewControllerWrapper.swift in Sources */ = {isa = PBXBuildFile; fileRef = 5411B0DA237421FD00833764 /* ToRootViewControllerWrapper.swift */; };
		5411B0DD2374223400833764 /* ToRootViewController.swift in Sources */ = {isa = PBXBuildFile; fileRef = 5411B0DC2374223400833764 /* ToRootViewController.swift */; };
		5411B0E72374F06B00833764 /* TripEntriesView.swift in Sources */ = {isa = PBXBuildFile; fileRef = 5411B0E62374F06A00833764 /* TripEntriesView.swift */; };
		5411B0E92374F09400833764 /* EntryCell.swift in Sources */ = {isa = PBXBuildFile; fileRef = 5411B0E82374F09400833764 /* EntryCell.swift */; };
		5431E908236F726F00139BE4 /* PhotoHelper.swift in Sources */ = {isa = PBXBuildFile; fileRef = 5431E907236F726F00139BE4 /* PhotoHelper.swift */; };
		5431E911236FD89A00139BE4 /* Photo.swift in Sources */ = {isa = PBXBuildFile; fileRef = 5431E90F236FD89A00139BE4 /* Photo.swift */; };
		5431E912236FD89A00139BE4 /* Journal.swift in Sources */ = {isa = PBXBuildFile; fileRef = 5431E910236FD89A00139BE4 /* Journal.swift */; };
		5431E914236FDC2100139BE4 /* NewTripSelectCover.swift in Sources */ = {isa = PBXBuildFile; fileRef = 5431E913236FDC2100139BE4 /* NewTripSelectCover.swift */; };
		5431E91C237054E400139BE4 /* DateHelper.swift in Sources */ = {isa = PBXBuildFile; fileRef = 5431E91B237054E400139BE4 /* DateHelper.swift */; };
		544873082372266C00791CBD /* TravelPartnerViewModel.swift in Sources */ = {isa = PBXBuildFile; fileRef = 544873072372266C00791CBD /* TravelPartnerViewModel.swift */; };
		5448730A23722C8A00791CBD /* TripViewModel.swift in Sources */ = {isa = PBXBuildFile; fileRef = 5448730923722C8A00791CBD /* TripViewModel.swift */; };
		5448730D2372424600791CBD /* TripDetailView.swift in Sources */ = {isa = PBXBuildFile; fileRef = 5448730C2372424500791CBD /* TripDetailView.swift */; };
		544873132373186700791CBD /* CachedImageView.swift in Sources */ = {isa = PBXBuildFile; fileRef = 544873122373186700791CBD /* CachedImageView.swift */; };
		5448731723733A3D00791CBD /* MapViewControllerWrapper.swift in Sources */ = {isa = PBXBuildFile; fileRef = 5448731623733A3D00791CBD /* MapViewControllerWrapper.swift */; };
		5448731923733A4600791CBD /* MapViewController.swift in Sources */ = {isa = PBXBuildFile; fileRef = 5448731823733A4600791CBD /* MapViewController.swift */; };
		54817031236D20A000FEF1C3 /* GoogleService-Info.plist in Resources */ = {isa = PBXBuildFile; fileRef = 54817030236D20A000FEF1C3 /* GoogleService-Info.plist */; };
		54817034236DF83500FEF1C3 /* TravelPartner.swift in Sources */ = {isa = PBXBuildFile; fileRef = 54817033236DF83400FEF1C3 /* TravelPartner.swift */; };
		54817036236E1DA200FEF1C3 /* ImageLoader.swift in Sources */ = {isa = PBXBuildFile; fileRef = 54817035236E1DA200FEF1C3 /* ImageLoader.swift */; };
		54817039236E39CE00FEF1C3 /* CreateView.swift in Sources */ = {isa = PBXBuildFile; fileRef = 54817038236E39CE00FEF1C3 /* CreateView.swift */; };
		5481703E236E7ADB00FEF1C3 /* RemoteImage in Frameworks */ = {isa = PBXBuildFile; productRef = 5481703D236E7ADB00FEF1C3 /* RemoteImage */; };
		54817040236E972D00FEF1C3 /* NewTripAddPhotos.swift in Sources */ = {isa = PBXBuildFile; fileRef = 5481703F236E972D00FEF1C3 /* NewTripAddPhotos.swift */; };
		54817043236F01BD00FEF1C3 /* Button.swift in Sources */ = {isa = PBXBuildFile; fileRef = 54817042236F01BD00FEF1C3 /* Button.swift */; };
		BE1514D608F2BECC91AE6B61 /* Pods_intripid_devTests.framework in Frameworks */ = {isa = PBXBuildFile; fileRef = 41F6F92022AA841B35DF4631 /* Pods_intripid_devTests.framework */; };
		D593E15DF7A1365FB43AED88 /* Pods_intripid_dev.framework in Frameworks */ = {isa = PBXBuildFile; fileRef = BF2AC859EEFB42893449A814 /* Pods_intripid_dev.framework */; };
/* End PBXBuildFile section */

/* Begin PBXContainerItemProxy section */
		1CB7DDD923668E93000ED455 /* PBXContainerItemProxy */ = {
			isa = PBXContainerItemProxy;
			containerPortal = 1CB7DDB723668E8E000ED455 /* Project object */;
			proxyType = 1;
			remoteGlobalIDString = 1CB7DDBE23668E8E000ED455;
			remoteInfo = "intripid-dev";
		};
		1CB7DDE423668E93000ED455 /* PBXContainerItemProxy */ = {
			isa = PBXContainerItemProxy;
			containerPortal = 1CB7DDB723668E8E000ED455 /* Project object */;
			proxyType = 1;
			remoteGlobalIDString = 1CB7DDBE23668E8E000ED455;
			remoteInfo = "intripid-dev";
		};
/* End PBXContainerItemProxy section */

/* Begin PBXFileReference section */
		007FE4342221466759D186A9 /* Pods_intripid_devUITests.framework */ = {isa = PBXFileReference; explicitFileType = wrapper.framework; includeInIndex = 0; path = Pods_intripid_devUITests.framework; sourceTree = BUILT_PRODUCTS_DIR; };
		016774B7A290AAC743A0CA56 /* Pods-intripid-devTests.debug.xcconfig */ = {isa = PBXFileReference; includeInIndex = 1; lastKnownFileType = text.xcconfig; name = "Pods-intripid-devTests.debug.xcconfig"; path = "Target Support Files/Pods-intripid-devTests/Pods-intripid-devTests.debug.xcconfig"; sourceTree = "<group>"; };
		1CB39E06236B8341005E01F9 /* User.swift */ = {isa = PBXFileReference; lastKnownFileType = sourcecode.swift; path = User.swift; sourceTree = "<group>"; };
		1CB39EA82374138A005E01F9 /* ToRootViewController.swift */ = {isa = PBXFileReference; fileEncoding = 4; lastKnownFileType = sourcecode.swift; path = ToRootViewController.swift; sourceTree = "<group>"; };
		1CB39EA92374138A005E01F9 /* NewTripCreationView.swift */ = {isa = PBXFileReference; fileEncoding = 4; lastKnownFileType = sourcecode.swift; path = NewTripCreationView.swift; sourceTree = "<group>"; };
		1CB39EAA2374138A005E01F9 /* ToRootViewControllerWrapper.swift */ = {isa = PBXFileReference; fileEncoding = 4; lastKnownFileType = sourcecode.swift; path = ToRootViewControllerWrapper.swift; sourceTree = "<group>"; };
		1CB39EAF2374D663005E01F9 /* MapDetailViewController.swift */ = {isa = PBXFileReference; lastKnownFileType = sourcecode.swift; path = MapDetailViewController.swift; sourceTree = "<group>"; };
		1CB39EB12374D676005E01F9 /* MapDetailViewControllerWrapper.swift */ = {isa = PBXFileReference; lastKnownFileType = sourcecode.swift; path = MapDetailViewControllerWrapper.swift; sourceTree = "<group>"; };
		1CB7DDBF23668E8E000ED455 /* intripid.app */ = {isa = PBXFileReference; explicitFileType = wrapper.application; includeInIndex = 0; path = intripid.app; sourceTree = BUILT_PRODUCTS_DIR; };
		1CB7DDC223668E8E000ED455 /* AppDelegate.swift */ = {isa = PBXFileReference; lastKnownFileType = sourcecode.swift; path = AppDelegate.swift; sourceTree = "<group>"; };
		1CB7DDC423668E8E000ED455 /* SceneDelegate.swift */ = {isa = PBXFileReference; lastKnownFileType = sourcecode.swift; path = SceneDelegate.swift; sourceTree = "<group>"; };
		1CB7DDC723668E8E000ED455 /* intripid_dev.xcdatamodel */ = {isa = PBXFileReference; lastKnownFileType = wrapper.xcdatamodel; path = intripid_dev.xcdatamodel; sourceTree = "<group>"; };
		1CB7DDC923668E8E000ED455 /* ContentView.swift */ = {isa = PBXFileReference; lastKnownFileType = sourcecode.swift; path = ContentView.swift; sourceTree = "<group>"; };
		1CB7DDCB23668E93000ED455 /* Assets.xcassets */ = {isa = PBXFileReference; lastKnownFileType = folder.assetcatalog; path = Assets.xcassets; sourceTree = "<group>"; };
		1CB7DDCE23668E93000ED455 /* Preview Assets.xcassets */ = {isa = PBXFileReference; lastKnownFileType = folder.assetcatalog; path = "Preview Assets.xcassets"; sourceTree = "<group>"; };
		1CB7DDD123668E93000ED455 /* Base */ = {isa = PBXFileReference; lastKnownFileType = file.storyboard; name = Base; path = Base.lproj/LaunchScreen.storyboard; sourceTree = "<group>"; };
		1CB7DDD323668E93000ED455 /* Info.plist */ = {isa = PBXFileReference; lastKnownFileType = text.plist.xml; path = Info.plist; sourceTree = "<group>"; };
		1CB7DDD823668E93000ED455 /* intripid-devTests.xctest */ = {isa = PBXFileReference; explicitFileType = wrapper.cfbundle; includeInIndex = 0; path = "intripid-devTests.xctest"; sourceTree = BUILT_PRODUCTS_DIR; };
		1CB7DDDC23668E93000ED455 /* intripid_devTests.swift */ = {isa = PBXFileReference; lastKnownFileType = sourcecode.swift; path = intripid_devTests.swift; sourceTree = "<group>"; };
		1CB7DDDE23668E93000ED455 /* Info.plist */ = {isa = PBXFileReference; lastKnownFileType = text.plist.xml; path = Info.plist; sourceTree = "<group>"; };
		1CB7DDE323668E93000ED455 /* intripid-devUITests.xctest */ = {isa = PBXFileReference; explicitFileType = wrapper.cfbundle; includeInIndex = 0; path = "intripid-devUITests.xctest"; sourceTree = BUILT_PRODUCTS_DIR; };
		1CB7DDE723668E93000ED455 /* intripid_devUITests.swift */ = {isa = PBXFileReference; lastKnownFileType = sourcecode.swift; path = intripid_devUITests.swift; sourceTree = "<group>"; };
		1CB7DDE923668E93000ED455 /* Info.plist */ = {isa = PBXFileReference; lastKnownFileType = text.plist.xml; path = Info.plist; sourceTree = "<group>"; };
		1CB7DDF82366939C000ED455 /* TripListView.swift */ = {isa = PBXFileReference; lastKnownFileType = sourcecode.swift; path = TripListView.swift; sourceTree = "<group>"; };
		1CB7DDFE2366A6E7000ED455 /* Trip.swift */ = {isa = PBXFileReference; lastKnownFileType = sourcecode.swift; path = Trip.swift; sourceTree = "<group>"; };
		1CB7DE002366C649000ED455 /* StatisticsView.swift */ = {isa = PBXFileReference; lastKnownFileType = sourcecode.swift; path = StatisticsView.swift; sourceTree = "<group>"; };
		1CB7DE022366C654000ED455 /* ProfileView.swift */ = {isa = PBXFileReference; lastKnownFileType = sourcecode.swift; path = ProfileView.swift; sourceTree = "<group>"; };
		1CB7DE042366C7CE000ED455 /* TripView.swift */ = {isa = PBXFileReference; lastKnownFileType = sourcecode.swift; path = TripView.swift; sourceTree = "<group>"; };
		1CBFDF37236811D00055EC34 /* TripPhotosView.swift */ = {isa = PBXFileReference; lastKnownFileType = sourcecode.swift; path = TripPhotosView.swift; sourceTree = "<group>"; };
		1CBFDF39236814050055EC34 /* TripCoverView.swift */ = {isa = PBXFileReference; lastKnownFileType = sourcecode.swift; path = TripCoverView.swift; sourceTree = "<group>"; };
		1CBFDF3B236818E30055EC34 /* AddPhotosView.swift */ = {isa = PBXFileReference; lastKnownFileType = sourcecode.swift; path = AddPhotosView.swift; sourceTree = "<group>"; };
		1CBFDF3D23681AA80055EC34 /* AddJournalView.swift */ = {isa = PBXFileReference; lastKnownFileType = sourcecode.swift; path = AddJournalView.swift; sourceTree = "<group>"; };
		1CBFDF3F236826B80055EC34 /* TripMapView.swift */ = {isa = PBXFileReference; lastKnownFileType = sourcecode.swift; path = TripMapView.swift; sourceTree = "<group>"; };
		1CD133E52367642B008230B7 /* TripViewModePicker.swift */ = {isa = PBXFileReference; lastKnownFileType = sourcecode.swift; path = TripViewModePicker.swift; sourceTree = "<group>"; };
		41F6F92022AA841B35DF4631 /* Pods_intripid_devTests.framework */ = {isa = PBXFileReference; explicitFileType = wrapper.framework; includeInIndex = 0; path = Pods_intripid_devTests.framework; sourceTree = BUILT_PRODUCTS_DIR; };
		5411B0C52373C7F900833764 /* Parsers.swift */ = {isa = PBXFileReference; fileEncoding = 4; lastKnownFileType = sourcecode.swift; path = Parsers.swift; sourceTree = "<group>"; };
		5411B0C72373C81200833764 /* TripDetailViewModel.swift */ = {isa = PBXFileReference; fileEncoding = 4; lastKnownFileType = sourcecode.swift; path = TripDetailViewModel.swift; sourceTree = "<group>"; };
		5411B0C92373C81B00833764 /* EditTripViewModel.swift */ = {isa = PBXFileReference; fileEncoding = 4; lastKnownFileType = sourcecode.swift; path = EditTripViewModel.swift; sourceTree = "<group>"; };
		5411B0CB2373C89B00833764 /* SplashScreen.swift */ = {isa = PBXFileReference; fileEncoding = 4; lastKnownFileType = sourcecode.swift; path = SplashScreen.swift; sourceTree = "<group>"; };
		5411B0CD2373C8C200833764 /* TripDetailTestView.swift */ = {isa = PBXFileReference; fileEncoding = 4; lastKnownFileType = sourcecode.swift; path = TripDetailTestView.swift; sourceTree = "<group>"; };
		5411B0D02373D6C000833764 /* EditTripAddPhotos.swift */ = {isa = PBXFileReference; lastKnownFileType = sourcecode.swift; path = EditTripAddPhotos.swift; sourceTree = "<group>"; };
		5411B0D42373F5E600833764 /* EditTripAddJournal.swift */ = {isa = PBXFileReference; lastKnownFileType = sourcecode.swift; path = EditTripAddJournal.swift; sourceTree = "<group>"; };
		5411B0D62374155200833764 /* TextBox.swiftui.swift */ = {isa = PBXFileReference; lastKnownFileType = sourcecode.swift; path = TextBox.swiftui.swift; sourceTree = "<group>"; };
		5411B0D8237421B300833764 /* NewTripCreationView.swift */ = {isa = PBXFileReference; fileEncoding = 4; lastKnownFileType = sourcecode.swift; path = NewTripCreationView.swift; sourceTree = "<group>"; };
		5411B0DA237421FD00833764 /* ToRootViewControllerWrapper.swift */ = {isa = PBXFileReference; fileEncoding = 4; lastKnownFileType = sourcecode.swift; path = ToRootViewControllerWrapper.swift; sourceTree = "<group>"; };
		5411B0DC2374223400833764 /* ToRootViewController.swift */ = {isa = PBXFileReference; fileEncoding = 4; lastKnownFileType = sourcecode.swift; path = ToRootViewController.swift; sourceTree = "<group>"; };
		5411B0E62374F06A00833764 /* TripEntriesView.swift */ = {isa = PBXFileReference; fileEncoding = 4; lastKnownFileType = sourcecode.swift; path = TripEntriesView.swift; sourceTree = "<group>"; };
		5411B0E82374F09400833764 /* EntryCell.swift */ = {isa = PBXFileReference; fileEncoding = 4; lastKnownFileType = sourcecode.swift; path = EntryCell.swift; sourceTree = "<group>"; };
		5431E907236F726F00139BE4 /* PhotoHelper.swift */ = {isa = PBXFileReference; lastKnownFileType = sourcecode.swift; path = PhotoHelper.swift; sourceTree = "<group>"; };
		5431E90F236FD89A00139BE4 /* Photo.swift */ = {isa = PBXFileReference; fileEncoding = 4; lastKnownFileType = sourcecode.swift; path = Photo.swift; sourceTree = "<group>"; };
		5431E910236FD89A00139BE4 /* Journal.swift */ = {isa = PBXFileReference; fileEncoding = 4; lastKnownFileType = sourcecode.swift; path = Journal.swift; sourceTree = "<group>"; };
		5431E913236FDC2100139BE4 /* NewTripSelectCover.swift */ = {isa = PBXFileReference; lastKnownFileType = sourcecode.swift; path = NewTripSelectCover.swift; sourceTree = "<group>"; };
		5431E91B237054E400139BE4 /* DateHelper.swift */ = {isa = PBXFileReference; lastKnownFileType = sourcecode.swift; path = DateHelper.swift; sourceTree = "<group>"; };
		544873072372266C00791CBD /* TravelPartnerViewModel.swift */ = {isa = PBXFileReference; lastKnownFileType = sourcecode.swift; path = TravelPartnerViewModel.swift; sourceTree = "<group>"; };
		5448730923722C8A00791CBD /* TripViewModel.swift */ = {isa = PBXFileReference; lastKnownFileType = sourcecode.swift; path = TripViewModel.swift; sourceTree = "<group>"; };
		5448730C2372424500791CBD /* TripDetailView.swift */ = {isa = PBXFileReference; lastKnownFileType = sourcecode.swift; path = TripDetailView.swift; sourceTree = "<group>"; };
		544873122373186700791CBD /* CachedImageView.swift */ = {isa = PBXFileReference; lastKnownFileType = sourcecode.swift; path = CachedImageView.swift; sourceTree = "<group>"; };
		5448731623733A3D00791CBD /* MapViewControllerWrapper.swift */ = {isa = PBXFileReference; fileEncoding = 4; lastKnownFileType = sourcecode.swift; path = MapViewControllerWrapper.swift; sourceTree = "<group>"; };
		5448731823733A4600791CBD /* MapViewController.swift */ = {isa = PBXFileReference; fileEncoding = 4; lastKnownFileType = sourcecode.swift; path = MapViewController.swift; sourceTree = "<group>"; };
		54817030236D20A000FEF1C3 /* GoogleService-Info.plist */ = {isa = PBXFileReference; fileEncoding = 4; lastKnownFileType = text.plist.xml; path = "GoogleService-Info.plist"; sourceTree = "<group>"; };
		54817033236DF83400FEF1C3 /* TravelPartner.swift */ = {isa = PBXFileReference; lastKnownFileType = sourcecode.swift; path = TravelPartner.swift; sourceTree = "<group>"; };
		54817035236E1DA200FEF1C3 /* ImageLoader.swift */ = {isa = PBXFileReference; lastKnownFileType = sourcecode.swift; path = ImageLoader.swift; sourceTree = "<group>"; };
		54817038236E39CE00FEF1C3 /* CreateView.swift */ = {isa = PBXFileReference; lastKnownFileType = sourcecode.swift; path = CreateView.swift; sourceTree = "<group>"; };
		5481703F236E972D00FEF1C3 /* NewTripAddPhotos.swift */ = {isa = PBXFileReference; lastKnownFileType = sourcecode.swift; path = NewTripAddPhotos.swift; sourceTree = "<group>"; };
		54817042236F01BD00FEF1C3 /* Button.swift */ = {isa = PBXFileReference; lastKnownFileType = sourcecode.swift; path = Button.swift; sourceTree = "<group>"; };
		768284AD6014BAF1EAAAC6AA /* Pods-intripid-dev.debug.xcconfig */ = {isa = PBXFileReference; includeInIndex = 1; lastKnownFileType = text.xcconfig; name = "Pods-intripid-dev.debug.xcconfig"; path = "Target Support Files/Pods-intripid-dev/Pods-intripid-dev.debug.xcconfig"; sourceTree = "<group>"; };
		BF2AC859EEFB42893449A814 /* Pods_intripid_dev.framework */ = {isa = PBXFileReference; explicitFileType = wrapper.framework; includeInIndex = 0; path = Pods_intripid_dev.framework; sourceTree = BUILT_PRODUCTS_DIR; };
		C9194F058AEDA7A9E7983020 /* Pods-intripid-dev.release.xcconfig */ = {isa = PBXFileReference; includeInIndex = 1; lastKnownFileType = text.xcconfig; name = "Pods-intripid-dev.release.xcconfig"; path = "Target Support Files/Pods-intripid-dev/Pods-intripid-dev.release.xcconfig"; sourceTree = "<group>"; };
		CE3EDC49E334219F69C4FDA0 /* Pods-intripid-devUITests.debug.xcconfig */ = {isa = PBXFileReference; includeInIndex = 1; lastKnownFileType = text.xcconfig; name = "Pods-intripid-devUITests.debug.xcconfig"; path = "Target Support Files/Pods-intripid-devUITests/Pods-intripid-devUITests.debug.xcconfig"; sourceTree = "<group>"; };
		EDC56D1450689C1A39414BDD /* Pods-intripid-devUITests.release.xcconfig */ = {isa = PBXFileReference; includeInIndex = 1; lastKnownFileType = text.xcconfig; name = "Pods-intripid-devUITests.release.xcconfig"; path = "Target Support Files/Pods-intripid-devUITests/Pods-intripid-devUITests.release.xcconfig"; sourceTree = "<group>"; };
		EEAD42AFE66F68B49447E8EE /* Pods-intripid-devTests.release.xcconfig */ = {isa = PBXFileReference; includeInIndex = 1; lastKnownFileType = text.xcconfig; name = "Pods-intripid-devTests.release.xcconfig"; path = "Target Support Files/Pods-intripid-devTests/Pods-intripid-devTests.release.xcconfig"; sourceTree = "<group>"; };
/* End PBXFileReference section */

/* Begin PBXFrameworksBuildPhase section */
		1CB7DDBC23668E8E000ED455 /* Frameworks */ = {
			isa = PBXFrameworksBuildPhase;
			buildActionMask = 2147483647;
			files = (
				5481703E236E7ADB00FEF1C3 /* RemoteImage in Frameworks */,
				D593E15DF7A1365FB43AED88 /* Pods_intripid_dev.framework in Frameworks */,
			);
			runOnlyForDeploymentPostprocessing = 0;
		};
		1CB7DDD523668E93000ED455 /* Frameworks */ = {
			isa = PBXFrameworksBuildPhase;
			buildActionMask = 2147483647;
			files = (
				BE1514D608F2BECC91AE6B61 /* Pods_intripid_devTests.framework in Frameworks */,
			);
			runOnlyForDeploymentPostprocessing = 0;
		};
		1CB7DDE023668E93000ED455 /* Frameworks */ = {
			isa = PBXFrameworksBuildPhase;
			buildActionMask = 2147483647;
			files = (
				424F3E743727E09698C6AE95 /* Pods_intripid_devUITests.framework in Frameworks */,
			);
			runOnlyForDeploymentPostprocessing = 0;
		};
/* End PBXFrameworksBuildPhase section */

/* Begin PBXGroup section */
		1CB39E05236A1196005E01F9 /* Trips */ = {
			isa = PBXGroup;
			children = (
				1CB39EAE2374C9F4005E01F9 /* Trip Detail */,
				5411B0CF2373D5A900833764 /* Edit Trips */,
				54817037236E398E00FEF1C3 /* CreateTrips */,
				1CB7DE042366C7CE000ED455 /* TripView.swift */,
				5411B0E62374F06A00833764 /* TripEntriesView.swift */,
				1CD133E52367642B008230B7 /* TripViewModePicker.swift */,
				1CB7DDF82366939C000ED455 /* TripListView.swift */,
				5448731823733A4600791CBD /* MapViewController.swift */,
				5448731623733A3D00791CBD /* MapViewControllerWrapper.swift */,
			);
			path = Trips;
			sourceTree = "<group>";
		};
		1CB39EAE2374C9F4005E01F9 /* Trip Detail */ = {
			isa = PBXGroup;
			children = (
				5411B0CD2373C8C200833764 /* TripDetailTestView.swift */,
				5448730C2372424500791CBD /* TripDetailView.swift */,
				1CBFDF37236811D00055EC34 /* TripPhotosView.swift */,
				1CBFDF39236814050055EC34 /* TripCoverView.swift */,
				1CBFDF3B236818E30055EC34 /* AddPhotosView.swift */,
				1CBFDF3D23681AA80055EC34 /* AddJournalView.swift */,
				1CB39EAF2374D663005E01F9 /* MapDetailViewController.swift */,
				1CB39EB12374D676005E01F9 /* MapDetailViewControllerWrapper.swift */,
			);
			path = "Trip Detail";
			sourceTree = "<group>";
		};
		1CB7DDB623668E8E000ED455 = {
			isa = PBXGroup;
			children = (
				1CB7DDC123668E8E000ED455 /* intripid-dev */,
				1CB7DDDB23668E93000ED455 /* intripid-devTests */,
				1CB7DDE623668E93000ED455 /* intripid-devUITests */,
				1CB7DDC023668E8E000ED455 /* Products */,
				70EFA9409F6343F32A7F43E1 /* Pods */,
				DF011D8D9C012C9B3EEA8B65 /* Frameworks */,
			);
			sourceTree = "<group>";
		};
		1CB7DDC023668E8E000ED455 /* Products */ = {
			isa = PBXGroup;
			children = (
				1CB7DDBF23668E8E000ED455 /* intripid.app */,
				1CB7DDD823668E93000ED455 /* intripid-devTests.xctest */,
				1CB7DDE323668E93000ED455 /* intripid-devUITests.xctest */,
			);
			name = Products;
			sourceTree = "<group>";
		};
		1CB7DDC123668E8E000ED455 /* intripid-dev */ = {
			isa = PBXGroup;
			children = (
				544873062372264700791CBD /* ViewModels */,
				5431E906236F725800139BE4 /* Helpers */,
				54817032236DCA1A00FEF1C3 /* Models */,
				1CB7DDFB23669479000ED455 /* Delegate */,
				1CB7DDFA236693A6000ED455 /* Views */,
				1CB7DDCB23668E93000ED455 /* Assets.xcassets */,
				54817030236D20A000FEF1C3 /* GoogleService-Info.plist */,
				1CB7DDD323668E93000ED455 /* Info.plist */,
				1CB7DDC623668E8E000ED455 /* intripid_dev.xcdatamodeld */,
				1CB7DDCD23668E93000ED455 /* Preview Content */,
			);
			path = "intripid-dev";
			sourceTree = "<group>";
		};
		1CB7DDCD23668E93000ED455 /* Preview Content */ = {
			isa = PBXGroup;
			children = (
				1CB7DDCE23668E93000ED455 /* Preview Assets.xcassets */,
			);
			path = "Preview Content";
			sourceTree = "<group>";
		};
		1CB7DDDB23668E93000ED455 /* intripid-devTests */ = {
			isa = PBXGroup;
			children = (
				1CB7DDDC23668E93000ED455 /* intripid_devTests.swift */,
				1CB7DDDE23668E93000ED455 /* Info.plist */,
			);
			path = "intripid-devTests";
			sourceTree = "<group>";
		};
		1CB7DDE623668E93000ED455 /* intripid-devUITests */ = {
			isa = PBXGroup;
			children = (
				1CB7DDE723668E93000ED455 /* intripid_devUITests.swift */,
				1CB7DDE923668E93000ED455 /* Info.plist */,
			);
			path = "intripid-devUITests";
			sourceTree = "<group>";
		};
		1CB7DDFA236693A6000ED455 /* Views */ = {
			isa = PBXGroup;
			children = (
				54817041236F01A000FEF1C3 /* Common */,
				544873112373183C00791CBD /* ImageView */,
				1CB7DDC923668E8E000ED455 /* ContentView.swift */,
				1CB39E05236A1196005E01F9 /* Trips */,
				1CB7DDD023668E93000ED455 /* LaunchScreen.storyboard */,
				1CB7DE002366C649000ED455 /* StatisticsView.swift */,
				1CB7DE022366C654000ED455 /* ProfileView.swift */,
				1CBFDF3F236826B80055EC34 /* TripMapView.swift */,
			);
			path = Views;
			sourceTree = "<group>";
		};
		1CB7DDFB23669479000ED455 /* Delegate */ = {
			isa = PBXGroup;
			children = (
				1CB7DDC223668E8E000ED455 /* AppDelegate.swift */,
				1CB7DDC423668E8E000ED455 /* SceneDelegate.swift */,
			);
			path = Delegate;
			sourceTree = "<group>";
		};
		5411B0CF2373D5A900833764 /* Edit Trips */ = {
			isa = PBXGroup;
			children = (
				5411B0D02373D6C000833764 /* EditTripAddPhotos.swift */,
				5411B0D42373F5E600833764 /* EditTripAddJournal.swift */,
			);
			path = "Edit Trips";
			sourceTree = "<group>";
		};
		5431E906236F725800139BE4 /* Helpers */ = {
			isa = PBXGroup;
			children = (
				5431E907236F726F00139BE4 /* PhotoHelper.swift */,
				5431E91B237054E400139BE4 /* DateHelper.swift */,
				54817035236E1DA200FEF1C3 /* ImageLoader.swift */,
				5411B0C52373C7F900833764 /* Parsers.swift */,
			);
			path = Helpers;
			sourceTree = "<group>";
		};
		544873062372264700791CBD /* ViewModels */ = {
			isa = PBXGroup;
			children = (
				544873072372266C00791CBD /* TravelPartnerViewModel.swift */,
				5448730923722C8A00791CBD /* TripViewModel.swift */,
				5411B0C92373C81B00833764 /* EditTripViewModel.swift */,
				5411B0C72373C81200833764 /* TripDetailViewModel.swift */,
			);
			path = ViewModels;
			sourceTree = "<group>";
		};
		544873112373183C00791CBD /* ImageView */ = {
			isa = PBXGroup;
			children = (
				544873122373186700791CBD /* CachedImageView.swift */,
			);
			path = ImageView;
			sourceTree = "<group>";
		};
		54817032236DCA1A00FEF1C3 /* Models */ = {
			isa = PBXGroup;
			children = (
				1CB39E06236B8341005E01F9 /* User.swift */,
				1CB7DDFE2366A6E7000ED455 /* Trip.swift */,
				5431E910236FD89A00139BE4 /* Journal.swift */,
				5431E90F236FD89A00139BE4 /* Photo.swift */,
				54817033236DF83400FEF1C3 /* TravelPartner.swift */,
			);
			path = Models;
			sourceTree = "<group>";
		};
		54817037236E398E00FEF1C3 /* CreateTrips */ = {
			isa = PBXGroup;
			children = (
				1CB39EA92374138A005E01F9 /* NewTripCreationView.swift */,
				1CB39EA82374138A005E01F9 /* ToRootViewController.swift */,
				1CB39EAA2374138A005E01F9 /* ToRootViewControllerWrapper.swift */,
				5411B0CB2373C89B00833764 /* SplashScreen.swift */,
				54817038236E39CE00FEF1C3 /* CreateView.swift */,
				5411B0DC2374223400833764 /* ToRootViewController.swift */,
				5411B0D8237421B300833764 /* NewTripCreationView.swift */,
				5411B0DA237421FD00833764 /* ToRootViewControllerWrapper.swift */,
				5481703F236E972D00FEF1C3 /* NewTripAddPhotos.swift */,
				5431E913236FDC2100139BE4 /* NewTripSelectCover.swift */,
			);
			path = CreateTrips;
			sourceTree = "<group>";
		};
		54817041236F01A000FEF1C3 /* Common */ = {
			isa = PBXGroup;
			children = (
				54817042236F01BD00FEF1C3 /* Button.swift */,
				5411B0E82374F09400833764 /* EntryCell.swift */,
				5411B0D62374155200833764 /* TextBox.swiftui.swift */,
			);
			path = Common;
			sourceTree = "<group>";
		};
		70EFA9409F6343F32A7F43E1 /* Pods */ = {
			isa = PBXGroup;
			children = (
				768284AD6014BAF1EAAAC6AA /* Pods-intripid-dev.debug.xcconfig */,
				C9194F058AEDA7A9E7983020 /* Pods-intripid-dev.release.xcconfig */,
				016774B7A290AAC743A0CA56 /* Pods-intripid-devTests.debug.xcconfig */,
				EEAD42AFE66F68B49447E8EE /* Pods-intripid-devTests.release.xcconfig */,
				CE3EDC49E334219F69C4FDA0 /* Pods-intripid-devUITests.debug.xcconfig */,
				EDC56D1450689C1A39414BDD /* Pods-intripid-devUITests.release.xcconfig */,
			);
			path = Pods;
			sourceTree = "<group>";
		};
		DF011D8D9C012C9B3EEA8B65 /* Frameworks */ = {
			isa = PBXGroup;
			children = (
				BF2AC859EEFB42893449A814 /* Pods_intripid_dev.framework */,
				41F6F92022AA841B35DF4631 /* Pods_intripid_devTests.framework */,
				007FE4342221466759D186A9 /* Pods_intripid_devUITests.framework */,
			);
			name = Frameworks;
			sourceTree = "<group>";
		};
/* End PBXGroup section */

/* Begin PBXNativeTarget section */
		1CB7DDBE23668E8E000ED455 /* intripid-dev */ = {
			isa = PBXNativeTarget;
			buildConfigurationList = 1CB7DDEC23668E93000ED455 /* Build configuration list for PBXNativeTarget "intripid-dev" */;
			buildPhases = (
				A4196A6198AA6427B9FD5C2A /* [CP] Check Pods Manifest.lock */,
				1CB7DDBB23668E8E000ED455 /* Sources */,
				1CB7DDBC23668E8E000ED455 /* Frameworks */,
				1CB7DDBD23668E8E000ED455 /* Resources */,
				9841DD979B2FF22F196D9F31 /* [CP] Copy Pods Resources */,
				AE58CF3FDCF714B88A5A36D0 /* [CP] Embed Pods Frameworks */,
			);
			buildRules = (
			);
			dependencies = (
			);
			name = "intripid-dev";
			packageProductDependencies = (
				5481703D236E7ADB00FEF1C3 /* RemoteImage */,
			);
			productName = "intripid-dev";
			productReference = 1CB7DDBF23668E8E000ED455 /* intripid.app */;
			productType = "com.apple.product-type.application";
		};
		1CB7DDD723668E93000ED455 /* intripid-devTests */ = {
			isa = PBXNativeTarget;
			buildConfigurationList = 1CB7DDEF23668E93000ED455 /* Build configuration list for PBXNativeTarget "intripid-devTests" */;
			buildPhases = (
				798C9CA35C8464F973B1B46E /* [CP] Check Pods Manifest.lock */,
				1CB7DDD423668E93000ED455 /* Sources */,
				1CB7DDD523668E93000ED455 /* Frameworks */,
				1CB7DDD623668E93000ED455 /* Resources */,
			);
			buildRules = (
			);
			dependencies = (
				1CB7DDDA23668E93000ED455 /* PBXTargetDependency */,
			);
			name = "intripid-devTests";
			productName = "intripid-devTests";
			productReference = 1CB7DDD823668E93000ED455 /* intripid-devTests.xctest */;
			productType = "com.apple.product-type.bundle.unit-test";
		};
		1CB7DDE223668E93000ED455 /* intripid-devUITests */ = {
			isa = PBXNativeTarget;
			buildConfigurationList = 1CB7DDF223668E93000ED455 /* Build configuration list for PBXNativeTarget "intripid-devUITests" */;
			buildPhases = (
				B4AD55D5399B4B2CF61CC0FA /* [CP] Check Pods Manifest.lock */,
				1CB7DDDF23668E93000ED455 /* Sources */,
				1CB7DDE023668E93000ED455 /* Frameworks */,
				1CB7DDE123668E93000ED455 /* Resources */,
			);
			buildRules = (
			);
			dependencies = (
				1CB7DDE523668E93000ED455 /* PBXTargetDependency */,
			);
			name = "intripid-devUITests";
			productName = "intripid-devUITests";
			productReference = 1CB7DDE323668E93000ED455 /* intripid-devUITests.xctest */;
			productType = "com.apple.product-type.bundle.ui-testing";
		};
/* End PBXNativeTarget section */

/* Begin PBXProject section */
		1CB7DDB723668E8E000ED455 /* Project object */ = {
			isa = PBXProject;
			attributes = {
				LastSwiftUpdateCheck = 1110;
				LastUpgradeCheck = 1110;
				ORGANIZATIONNAME = zona;
				TargetAttributes = {
					1CB7DDBE23668E8E000ED455 = {
						CreatedOnToolsVersion = 11.1;
					};
					1CB7DDD723668E93000ED455 = {
						CreatedOnToolsVersion = 11.1;
						TestTargetID = 1CB7DDBE23668E8E000ED455;
					};
					1CB7DDE223668E93000ED455 = {
						CreatedOnToolsVersion = 11.1;
						TestTargetID = 1CB7DDBE23668E8E000ED455;
					};
				};
			};
			buildConfigurationList = 1CB7DDBA23668E8E000ED455 /* Build configuration list for PBXProject "intripid-dev" */;
			compatibilityVersion = "Xcode 9.3";
			developmentRegion = en;
			hasScannedForEncodings = 0;
			knownRegions = (
				en,
				Base,
			);
			mainGroup = 1CB7DDB623668E8E000ED455;
			packageReferences = (
				5481703C236E7ADB00FEF1C3 /* XCRemoteSwiftPackageReference "RemoteImage" */,
			);
			productRefGroup = 1CB7DDC023668E8E000ED455 /* Products */;
			projectDirPath = "";
			projectRoot = "";
			targets = (
				1CB7DDBE23668E8E000ED455 /* intripid-dev */,
				1CB7DDD723668E93000ED455 /* intripid-devTests */,
				1CB7DDE223668E93000ED455 /* intripid-devUITests */,
			);
		};
/* End PBXProject section */

/* Begin PBXResourcesBuildPhase section */
		1CB7DDBD23668E8E000ED455 /* Resources */ = {
			isa = PBXResourcesBuildPhase;
			buildActionMask = 2147483647;
			files = (
				1CB7DDD223668E93000ED455 /* LaunchScreen.storyboard in Resources */,
				54817031236D20A000FEF1C3 /* GoogleService-Info.plist in Resources */,
				1CB7DDCF23668E93000ED455 /* Preview Assets.xcassets in Resources */,
				1CB7DDCC23668E93000ED455 /* Assets.xcassets in Resources */,
			);
			runOnlyForDeploymentPostprocessing = 0;
		};
		1CB7DDD623668E93000ED455 /* Resources */ = {
			isa = PBXResourcesBuildPhase;
			buildActionMask = 2147483647;
			files = (
			);
			runOnlyForDeploymentPostprocessing = 0;
		};
		1CB7DDE123668E93000ED455 /* Resources */ = {
			isa = PBXResourcesBuildPhase;
			buildActionMask = 2147483647;
			files = (
			);
			runOnlyForDeploymentPostprocessing = 0;
		};
/* End PBXResourcesBuildPhase section */

/* Begin PBXShellScriptBuildPhase section */
		798C9CA35C8464F973B1B46E /* [CP] Check Pods Manifest.lock */ = {
			isa = PBXShellScriptBuildPhase;
			buildActionMask = 2147483647;
			files = (
			);
			inputFileListPaths = (
			);
			inputPaths = (
				"${PODS_PODFILE_DIR_PATH}/Podfile.lock",
				"${PODS_ROOT}/Manifest.lock",
			);
			name = "[CP] Check Pods Manifest.lock";
			outputFileListPaths = (
			);
			outputPaths = (
				"$(DERIVED_FILE_DIR)/Pods-intripid-devTests-checkManifestLockResult.txt",
			);
			runOnlyForDeploymentPostprocessing = 0;
			shellPath = /bin/sh;
			shellScript = "diff \"${PODS_PODFILE_DIR_PATH}/Podfile.lock\" \"${PODS_ROOT}/Manifest.lock\" > /dev/null\nif [ $? != 0 ] ; then\n    # print error to STDERR\n    echo \"error: The sandbox is not in sync with the Podfile.lock. Run 'pod install' or update your CocoaPods installation.\" >&2\n    exit 1\nfi\n# This output is used by Xcode 'outputs' to avoid re-running this script phase.\necho \"SUCCESS\" > \"${SCRIPT_OUTPUT_FILE_0}\"\n";
			showEnvVarsInLog = 0;
		};
		9841DD979B2FF22F196D9F31 /* [CP] Copy Pods Resources */ = {
			isa = PBXShellScriptBuildPhase;
			buildActionMask = 2147483647;
			files = (
			);
			inputFileListPaths = (
				"${PODS_ROOT}/Target Support Files/Pods-intripid-dev/Pods-intripid-dev-resources-${CONFIGURATION}-input-files.xcfilelist",
			);
			name = "[CP] Copy Pods Resources";
			outputFileListPaths = (
				"${PODS_ROOT}/Target Support Files/Pods-intripid-dev/Pods-intripid-dev-resources-${CONFIGURATION}-output-files.xcfilelist",
			);
			runOnlyForDeploymentPostprocessing = 0;
			shellPath = /bin/sh;
			shellScript = "\"${PODS_ROOT}/Target Support Files/Pods-intripid-dev/Pods-intripid-dev-resources.sh\"\n";
			showEnvVarsInLog = 0;
		};
		A4196A6198AA6427B9FD5C2A /* [CP] Check Pods Manifest.lock */ = {
			isa = PBXShellScriptBuildPhase;
			buildActionMask = 2147483647;
			files = (
			);
			inputFileListPaths = (
			);
			inputPaths = (
				"${PODS_PODFILE_DIR_PATH}/Podfile.lock",
				"${PODS_ROOT}/Manifest.lock",
			);
			name = "[CP] Check Pods Manifest.lock";
			outputFileListPaths = (
			);
			outputPaths = (
				"$(DERIVED_FILE_DIR)/Pods-intripid-dev-checkManifestLockResult.txt",
			);
			runOnlyForDeploymentPostprocessing = 0;
			shellPath = /bin/sh;
			shellScript = "diff \"${PODS_PODFILE_DIR_PATH}/Podfile.lock\" \"${PODS_ROOT}/Manifest.lock\" > /dev/null\nif [ $? != 0 ] ; then\n    # print error to STDERR\n    echo \"error: The sandbox is not in sync with the Podfile.lock. Run 'pod install' or update your CocoaPods installation.\" >&2\n    exit 1\nfi\n# This output is used by Xcode 'outputs' to avoid re-running this script phase.\necho \"SUCCESS\" > \"${SCRIPT_OUTPUT_FILE_0}\"\n";
			showEnvVarsInLog = 0;
		};
		AE58CF3FDCF714B88A5A36D0 /* [CP] Embed Pods Frameworks */ = {
			isa = PBXShellScriptBuildPhase;
			buildActionMask = 2147483647;
			files = (
			);
			inputFileListPaths = (
				"${PODS_ROOT}/Target Support Files/Pods-intripid-dev/Pods-intripid-dev-frameworks-${CONFIGURATION}-input-files.xcfilelist",
			);
			name = "[CP] Embed Pods Frameworks";
			outputFileListPaths = (
				"${PODS_ROOT}/Target Support Files/Pods-intripid-dev/Pods-intripid-dev-frameworks-${CONFIGURATION}-output-files.xcfilelist",
			);
			runOnlyForDeploymentPostprocessing = 0;
			shellPath = /bin/sh;
			shellScript = "\"${PODS_ROOT}/Target Support Files/Pods-intripid-dev/Pods-intripid-dev-frameworks.sh\"\n";
			showEnvVarsInLog = 0;
		};
		B4AD55D5399B4B2CF61CC0FA /* [CP] Check Pods Manifest.lock */ = {
			isa = PBXShellScriptBuildPhase;
			buildActionMask = 2147483647;
			files = (
			);
			inputFileListPaths = (
			);
			inputPaths = (
				"${PODS_PODFILE_DIR_PATH}/Podfile.lock",
				"${PODS_ROOT}/Manifest.lock",
			);
			name = "[CP] Check Pods Manifest.lock";
			outputFileListPaths = (
			);
			outputPaths = (
				"$(DERIVED_FILE_DIR)/Pods-intripid-devUITests-checkManifestLockResult.txt",
			);
			runOnlyForDeploymentPostprocessing = 0;
			shellPath = /bin/sh;
			shellScript = "diff \"${PODS_PODFILE_DIR_PATH}/Podfile.lock\" \"${PODS_ROOT}/Manifest.lock\" > /dev/null\nif [ $? != 0 ] ; then\n    # print error to STDERR\n    echo \"error: The sandbox is not in sync with the Podfile.lock. Run 'pod install' or update your CocoaPods installation.\" >&2\n    exit 1\nfi\n# This output is used by Xcode 'outputs' to avoid re-running this script phase.\necho \"SUCCESS\" > \"${SCRIPT_OUTPUT_FILE_0}\"\n";
			showEnvVarsInLog = 0;
		};
/* End PBXShellScriptBuildPhase section */

/* Begin PBXSourcesBuildPhase section */
		1CB7DDBB23668E8E000ED455 /* Sources */ = {
			isa = PBXSourcesBuildPhase;
			buildActionMask = 2147483647;
			files = (
				5431E911236FD89A00139BE4 /* Photo.swift in Sources */,
				5411B0DB237421FD00833764 /* ToRootViewControllerWrapper.swift in Sources */,
				5431E912236FD89A00139BE4 /* Journal.swift in Sources */,
				1CB7DDF92366939C000ED455 /* TripListView.swift in Sources */,
				5431E91C237054E400139BE4 /* DateHelper.swift in Sources */,
				1CB7DE032366C654000ED455 /* ProfileView.swift in Sources */,
				5411B0E92374F09400833764 /* EntryCell.swift in Sources */,
				1CBFDF3A236814050055EC34 /* TripCoverView.swift in Sources */,
				544873132373186700791CBD /* CachedImageView.swift in Sources */,
				5411B0D72374155300833764 /* TextBox.swiftui.swift in Sources */,
				1CBFDF3C236818E30055EC34 /* AddPhotosView.swift in Sources */,
				54817034236DF83500FEF1C3 /* TravelPartner.swift in Sources */,
				1CBFDF40236826B80055EC34 /* TripMapView.swift in Sources */,
				1CBFDF3E23681AA80055EC34 /* AddJournalView.swift in Sources */,
				5411B0CA2373C81B00833764 /* EditTripViewModel.swift in Sources */,
				5431E908236F726F00139BE4 /* PhotoHelper.swift in Sources */,
				1CBFDF38236811D00055EC34 /* TripPhotosView.swift in Sources */,
				1CB39EB22374D676005E01F9 /* MapDetailViewControllerWrapper.swift in Sources */,
				1CB7DDC323668E8E000ED455 /* AppDelegate.swift in Sources */,
				5411B0C82373C81200833764 /* TripDetailViewModel.swift in Sources */,
				54817036236E1DA200FEF1C3 /* ImageLoader.swift in Sources */,
				54817040236E972D00FEF1C3 /* NewTripAddPhotos.swift in Sources */,
				5448730D2372424600791CBD /* TripDetailView.swift in Sources */,
				5411B0DD2374223400833764 /* ToRootViewController.swift in Sources */,
				544873082372266C00791CBD /* TravelPartnerViewModel.swift in Sources */,
				1CB7DE052366C7CE000ED455 /* TripView.swift in Sources */,
				1CD133E62367642B008230B7 /* TripViewModePicker.swift in Sources */,
				5431E914236FDC2100139BE4 /* NewTripSelectCover.swift in Sources */,
				1CB39EAB2374138A005E01F9 /* ToRootViewController.swift in Sources */,
				5411B0CC2373C89B00833764 /* SplashScreen.swift in Sources */,
				1CB39EAD2374138A005E01F9 /* ToRootViewControllerWrapper.swift in Sources */,
				5411B0C62373C7F900833764 /* Parsers.swift in Sources */,
				5411B0D12373D6C000833764 /* EditTripAddPhotos.swift in Sources */,
				1CB7DDC523668E8E000ED455 /* SceneDelegate.swift in Sources */,
				5411B0D9237421B400833764 /* NewTripCreationView.swift in Sources */,
				54817039236E39CE00FEF1C3 /* CreateView.swift in Sources */,
				1CB39EAC2374138A005E01F9 /* NewTripCreationView.swift in Sources */,
				5411B0CE2373C8C300833764 /* TripDetailTestView.swift in Sources */,
				5411B0E72374F06B00833764 /* TripEntriesView.swift in Sources */,
				1CB7DDCA23668E8E000ED455 /* ContentView.swift in Sources */,
				5411B0D52373F5E600833764 /* EditTripAddJournal.swift in Sources */,
				1CB39E07236B8341005E01F9 /* User.swift in Sources */,
				5448730A23722C8A00791CBD /* TripViewModel.swift in Sources */,
				1CB7DE012366C649000ED455 /* StatisticsView.swift in Sources */,
				1CB7DDFF2366A6E7000ED455 /* Trip.swift in Sources */,
				5448731723733A3D00791CBD /* MapViewControllerWrapper.swift in Sources */,
				1CB39EB02374D663005E01F9 /* MapDetailViewController.swift in Sources */,
				1CB7DDC823668E8E000ED455 /* intripid_dev.xcdatamodeld in Sources */,
				54817043236F01BD00FEF1C3 /* Button.swift in Sources */,
				5448731923733A4600791CBD /* MapViewController.swift in Sources */,
			);
			runOnlyForDeploymentPostprocessing = 0;
		};
		1CB7DDD423668E93000ED455 /* Sources */ = {
			isa = PBXSourcesBuildPhase;
			buildActionMask = 2147483647;
			files = (
				1CB7DDDD23668E93000ED455 /* intripid_devTests.swift in Sources */,
			);
			runOnlyForDeploymentPostprocessing = 0;
		};
		1CB7DDDF23668E93000ED455 /* Sources */ = {
			isa = PBXSourcesBuildPhase;
			buildActionMask = 2147483647;
			files = (
				1CB7DDE823668E93000ED455 /* intripid_devUITests.swift in Sources */,
			);
			runOnlyForDeploymentPostprocessing = 0;
		};
/* End PBXSourcesBuildPhase section */

/* Begin PBXTargetDependency section */
		1CB7DDDA23668E93000ED455 /* PBXTargetDependency */ = {
			isa = PBXTargetDependency;
			target = 1CB7DDBE23668E8E000ED455 /* intripid-dev */;
			targetProxy = 1CB7DDD923668E93000ED455 /* PBXContainerItemProxy */;
		};
		1CB7DDE523668E93000ED455 /* PBXTargetDependency */ = {
			isa = PBXTargetDependency;
			target = 1CB7DDBE23668E8E000ED455 /* intripid-dev */;
			targetProxy = 1CB7DDE423668E93000ED455 /* PBXContainerItemProxy */;
		};
/* End PBXTargetDependency section */

/* Begin PBXVariantGroup section */
		1CB7DDD023668E93000ED455 /* LaunchScreen.storyboard */ = {
			isa = PBXVariantGroup;
			children = (
				1CB7DDD123668E93000ED455 /* Base */,
			);
			name = LaunchScreen.storyboard;
			sourceTree = "<group>";
		};
/* End PBXVariantGroup section */

/* Begin XCBuildConfiguration section */
		1CB7DDEA23668E93000ED455 /* Debug */ = {
			isa = XCBuildConfiguration;
			buildSettings = {
				ALWAYS_SEARCH_USER_PATHS = NO;
				CLANG_ANALYZER_NONNULL = YES;
				CLANG_ANALYZER_NUMBER_OBJECT_CONVERSION = YES_AGGRESSIVE;
				CLANG_CXX_LANGUAGE_STANDARD = "gnu++14";
				CLANG_CXX_LIBRARY = "libc++";
				CLANG_ENABLE_MODULES = YES;
				CLANG_ENABLE_OBJC_ARC = YES;
				CLANG_ENABLE_OBJC_WEAK = YES;
				CLANG_WARN_BLOCK_CAPTURE_AUTORELEASING = YES;
				CLANG_WARN_BOOL_CONVERSION = YES;
				CLANG_WARN_COMMA = YES;
				CLANG_WARN_CONSTANT_CONVERSION = YES;
				CLANG_WARN_DEPRECATED_OBJC_IMPLEMENTATIONS = YES;
				CLANG_WARN_DIRECT_OBJC_ISA_USAGE = YES_ERROR;
				CLANG_WARN_DOCUMENTATION_COMMENTS = YES;
				CLANG_WARN_EMPTY_BODY = YES;
				CLANG_WARN_ENUM_CONVERSION = YES;
				CLANG_WARN_INFINITE_RECURSION = YES;
				CLANG_WARN_INT_CONVERSION = YES;
				CLANG_WARN_NON_LITERAL_NULL_CONVERSION = YES;
				CLANG_WARN_OBJC_IMPLICIT_RETAIN_SELF = YES;
				CLANG_WARN_OBJC_LITERAL_CONVERSION = YES;
				CLANG_WARN_OBJC_ROOT_CLASS = YES_ERROR;
				CLANG_WARN_RANGE_LOOP_ANALYSIS = YES;
				CLANG_WARN_STRICT_PROTOTYPES = YES;
				CLANG_WARN_SUSPICIOUS_MOVE = YES;
				CLANG_WARN_UNGUARDED_AVAILABILITY = YES_AGGRESSIVE;
				CLANG_WARN_UNREACHABLE_CODE = YES;
				CLANG_WARN__DUPLICATE_METHOD_MATCH = YES;
				COPY_PHASE_STRIP = NO;
				DEBUG_INFORMATION_FORMAT = dwarf;
				ENABLE_STRICT_OBJC_MSGSEND = YES;
				ENABLE_TESTABILITY = YES;
				GCC_C_LANGUAGE_STANDARD = gnu11;
				GCC_DYNAMIC_NO_PIC = NO;
				GCC_NO_COMMON_BLOCKS = YES;
				GCC_OPTIMIZATION_LEVEL = 0;
				GCC_PREPROCESSOR_DEFINITIONS = (
					"DEBUG=1",
					"$(inherited)",
				);
				GCC_WARN_64_TO_32_BIT_CONVERSION = YES;
				GCC_WARN_ABOUT_RETURN_TYPE = YES_ERROR;
				GCC_WARN_UNDECLARED_SELECTOR = YES;
				GCC_WARN_UNINITIALIZED_AUTOS = YES_AGGRESSIVE;
				GCC_WARN_UNUSED_FUNCTION = YES;
				GCC_WARN_UNUSED_VARIABLE = YES;
				IPHONEOS_DEPLOYMENT_TARGET = 13.1;
				MTL_ENABLE_DEBUG_INFO = INCLUDE_SOURCE;
				MTL_FAST_MATH = YES;
				ONLY_ACTIVE_ARCH = YES;
				SDKROOT = iphoneos;
				SWIFT_ACTIVE_COMPILATION_CONDITIONS = DEBUG;
				SWIFT_OPTIMIZATION_LEVEL = "-Onone";
			};
			name = Debug;
		};
		1CB7DDEB23668E93000ED455 /* Release */ = {
			isa = XCBuildConfiguration;
			buildSettings = {
				ALWAYS_SEARCH_USER_PATHS = NO;
				CLANG_ANALYZER_NONNULL = YES;
				CLANG_ANALYZER_NUMBER_OBJECT_CONVERSION = YES_AGGRESSIVE;
				CLANG_CXX_LANGUAGE_STANDARD = "gnu++14";
				CLANG_CXX_LIBRARY = "libc++";
				CLANG_ENABLE_MODULES = YES;
				CLANG_ENABLE_OBJC_ARC = YES;
				CLANG_ENABLE_OBJC_WEAK = YES;
				CLANG_WARN_BLOCK_CAPTURE_AUTORELEASING = YES;
				CLANG_WARN_BOOL_CONVERSION = YES;
				CLANG_WARN_COMMA = YES;
				CLANG_WARN_CONSTANT_CONVERSION = YES;
				CLANG_WARN_DEPRECATED_OBJC_IMPLEMENTATIONS = YES;
				CLANG_WARN_DIRECT_OBJC_ISA_USAGE = YES_ERROR;
				CLANG_WARN_DOCUMENTATION_COMMENTS = YES;
				CLANG_WARN_EMPTY_BODY = YES;
				CLANG_WARN_ENUM_CONVERSION = YES;
				CLANG_WARN_INFINITE_RECURSION = YES;
				CLANG_WARN_INT_CONVERSION = YES;
				CLANG_WARN_NON_LITERAL_NULL_CONVERSION = YES;
				CLANG_WARN_OBJC_IMPLICIT_RETAIN_SELF = YES;
				CLANG_WARN_OBJC_LITERAL_CONVERSION = YES;
				CLANG_WARN_OBJC_ROOT_CLASS = YES_ERROR;
				CLANG_WARN_RANGE_LOOP_ANALYSIS = YES;
				CLANG_WARN_STRICT_PROTOTYPES = YES;
				CLANG_WARN_SUSPICIOUS_MOVE = YES;
				CLANG_WARN_UNGUARDED_AVAILABILITY = YES_AGGRESSIVE;
				CLANG_WARN_UNREACHABLE_CODE = YES;
				CLANG_WARN__DUPLICATE_METHOD_MATCH = YES;
				COPY_PHASE_STRIP = NO;
				DEBUG_INFORMATION_FORMAT = "dwarf-with-dsym";
				ENABLE_NS_ASSERTIONS = NO;
				ENABLE_STRICT_OBJC_MSGSEND = YES;
				GCC_C_LANGUAGE_STANDARD = gnu11;
				GCC_NO_COMMON_BLOCKS = YES;
				GCC_WARN_64_TO_32_BIT_CONVERSION = YES;
				GCC_WARN_ABOUT_RETURN_TYPE = YES_ERROR;
				GCC_WARN_UNDECLARED_SELECTOR = YES;
				GCC_WARN_UNINITIALIZED_AUTOS = YES_AGGRESSIVE;
				GCC_WARN_UNUSED_FUNCTION = YES;
				GCC_WARN_UNUSED_VARIABLE = YES;
				IPHONEOS_DEPLOYMENT_TARGET = 13.1;
				MTL_ENABLE_DEBUG_INFO = NO;
				MTL_FAST_MATH = YES;
				SDKROOT = iphoneos;
				SWIFT_COMPILATION_MODE = wholemodule;
				SWIFT_OPTIMIZATION_LEVEL = "-O";
				VALIDATE_PRODUCT = YES;
			};
			name = Release;
		};
		1CB7DDED23668E93000ED455 /* Debug */ = {
			isa = XCBuildConfiguration;
			baseConfigurationReference = 768284AD6014BAF1EAAAC6AA /* Pods-intripid-dev.debug.xcconfig */;
			buildSettings = {
				ASSETCATALOG_COMPILER_APPICON_NAME = AppIcon;
				CODE_SIGN_STYLE = Automatic;
				DEVELOPMENT_ASSET_PATHS = "\"intripid-dev/Preview Content\"";
				DEVELOPMENT_TEAM = 4STWRV34C4;
				ENABLE_PREVIEWS = YES;
				INFOPLIST_FILE = "intripid-dev/Info.plist";
				LD_RUNPATH_SEARCH_PATHS = (
					"$(inherited)",
					"@executable_path/Frameworks",
				);
				PRODUCT_BUNDLE_IDENTIFIER = "zona.intripid-dev";
				PRODUCT_NAME = intripid;
				SWIFT_VERSION = 5.0;
				TARGETED_DEVICE_FAMILY = "1,2";
			};
			name = Debug;
		};
		1CB7DDEE23668E93000ED455 /* Release */ = {
			isa = XCBuildConfiguration;
			baseConfigurationReference = C9194F058AEDA7A9E7983020 /* Pods-intripid-dev.release.xcconfig */;
			buildSettings = {
				ASSETCATALOG_COMPILER_APPICON_NAME = AppIcon;
				CODE_SIGN_STYLE = Automatic;
				DEVELOPMENT_ASSET_PATHS = "\"intripid-dev/Preview Content\"";
				DEVELOPMENT_TEAM = 4STWRV34C4;
				ENABLE_PREVIEWS = YES;
				INFOPLIST_FILE = "intripid-dev/Info.plist";
				LD_RUNPATH_SEARCH_PATHS = (
					"$(inherited)",
					"@executable_path/Frameworks",
				);
				PRODUCT_BUNDLE_IDENTIFIER = "zona.intripid-dev";
				PRODUCT_NAME = intripid;
				SWIFT_VERSION = 5.0;
				TARGETED_DEVICE_FAMILY = "1,2";
			};
			name = Release;
		};
		1CB7DDF023668E93000ED455 /* Debug */ = {
			isa = XCBuildConfiguration;
			baseConfigurationReference = 016774B7A290AAC743A0CA56 /* Pods-intripid-devTests.debug.xcconfig */;
			buildSettings = {
				ALWAYS_EMBED_SWIFT_STANDARD_LIBRARIES = YES;
				BUNDLE_LOADER = "$(TEST_HOST)";
				CODE_SIGN_STYLE = Automatic;
				DEVELOPMENT_TEAM = 4STWRV34C4;
				INFOPLIST_FILE = "intripid-devTests/Info.plist";
				IPHONEOS_DEPLOYMENT_TARGET = 13.1;
				LD_RUNPATH_SEARCH_PATHS = (
					"$(inherited)",
					"@executable_path/Frameworks",
					"@loader_path/Frameworks",
				);
				PRODUCT_BUNDLE_IDENTIFIER = "zona.intripid-devTests";
				PRODUCT_NAME = "$(TARGET_NAME)";
				SWIFT_VERSION = 5.0;
				TARGETED_DEVICE_FAMILY = "1,2";
				TEST_HOST = "$(BUILT_PRODUCTS_DIR)/intripid-dev.app/intripid-dev";
			};
			name = Debug;
		};
		1CB7DDF123668E93000ED455 /* Release */ = {
			isa = XCBuildConfiguration;
			baseConfigurationReference = EEAD42AFE66F68B49447E8EE /* Pods-intripid-devTests.release.xcconfig */;
			buildSettings = {
				ALWAYS_EMBED_SWIFT_STANDARD_LIBRARIES = YES;
				BUNDLE_LOADER = "$(TEST_HOST)";
				CODE_SIGN_STYLE = Automatic;
				DEVELOPMENT_TEAM = 4STWRV34C4;
				INFOPLIST_FILE = "intripid-devTests/Info.plist";
				IPHONEOS_DEPLOYMENT_TARGET = 13.1;
				LD_RUNPATH_SEARCH_PATHS = (
					"$(inherited)",
					"@executable_path/Frameworks",
					"@loader_path/Frameworks",
				);
				PRODUCT_BUNDLE_IDENTIFIER = "zona.intripid-devTests";
				PRODUCT_NAME = "$(TARGET_NAME)";
				SWIFT_VERSION = 5.0;
				TARGETED_DEVICE_FAMILY = "1,2";
				TEST_HOST = "$(BUILT_PRODUCTS_DIR)/intripid-dev.app/intripid-dev";
			};
			name = Release;
		};
		1CB7DDF323668E93000ED455 /* Debug */ = {
			isa = XCBuildConfiguration;
			baseConfigurationReference = CE3EDC49E334219F69C4FDA0 /* Pods-intripid-devUITests.debug.xcconfig */;
			buildSettings = {
				ALWAYS_EMBED_SWIFT_STANDARD_LIBRARIES = YES;
				CODE_SIGN_STYLE = Automatic;
				DEVELOPMENT_TEAM = 4STWRV34C4;
				INFOPLIST_FILE = "intripid-devUITests/Info.plist";
				LD_RUNPATH_SEARCH_PATHS = (
					"$(inherited)",
					"@executable_path/Frameworks",
					"@loader_path/Frameworks",
				);
				PRODUCT_BUNDLE_IDENTIFIER = "zona.intripid-devUITests";
				PRODUCT_NAME = "$(TARGET_NAME)";
				SWIFT_VERSION = 5.0;
				TARGETED_DEVICE_FAMILY = "1,2";
				TEST_TARGET_NAME = "intripid-dev";
			};
			name = Debug;
		};
		1CB7DDF423668E93000ED455 /* Release */ = {
			isa = XCBuildConfiguration;
			baseConfigurationReference = EDC56D1450689C1A39414BDD /* Pods-intripid-devUITests.release.xcconfig */;
			buildSettings = {
				ALWAYS_EMBED_SWIFT_STANDARD_LIBRARIES = YES;
				CODE_SIGN_STYLE = Automatic;
				DEVELOPMENT_TEAM = 4STWRV34C4;
				INFOPLIST_FILE = "intripid-devUITests/Info.plist";
				LD_RUNPATH_SEARCH_PATHS = (
					"$(inherited)",
					"@executable_path/Frameworks",
					"@loader_path/Frameworks",
				);
				PRODUCT_BUNDLE_IDENTIFIER = "zona.intripid-devUITests";
				PRODUCT_NAME = "$(TARGET_NAME)";
				SWIFT_VERSION = 5.0;
				TARGETED_DEVICE_FAMILY = "1,2";
				TEST_TARGET_NAME = "intripid-dev";
			};
			name = Release;
		};
/* End XCBuildConfiguration section */

/* Begin XCConfigurationList section */
		1CB7DDBA23668E8E000ED455 /* Build configuration list for PBXProject "intripid-dev" */ = {
			isa = XCConfigurationList;
			buildConfigurations = (
				1CB7DDEA23668E93000ED455 /* Debug */,
				1CB7DDEB23668E93000ED455 /* Release */,
			);
			defaultConfigurationIsVisible = 0;
			defaultConfigurationName = Release;
		};
		1CB7DDEC23668E93000ED455 /* Build configuration list for PBXNativeTarget "intripid-dev" */ = {
			isa = XCConfigurationList;
			buildConfigurations = (
				1CB7DDED23668E93000ED455 /* Debug */,
				1CB7DDEE23668E93000ED455 /* Release */,
			);
			defaultConfigurationIsVisible = 0;
			defaultConfigurationName = Release;
		};
		1CB7DDEF23668E93000ED455 /* Build configuration list for PBXNativeTarget "intripid-devTests" */ = {
			isa = XCConfigurationList;
			buildConfigurations = (
				1CB7DDF023668E93000ED455 /* Debug */,
				1CB7DDF123668E93000ED455 /* Release */,
			);
			defaultConfigurationIsVisible = 0;
			defaultConfigurationName = Release;
		};
		1CB7DDF223668E93000ED455 /* Build configuration list for PBXNativeTarget "intripid-devUITests" */ = {
			isa = XCConfigurationList;
			buildConfigurations = (
				1CB7DDF323668E93000ED455 /* Debug */,
				1CB7DDF423668E93000ED455 /* Release */,
			);
			defaultConfigurationIsVisible = 0;
			defaultConfigurationName = Release;
		};
/* End XCConfigurationList section */

/* Begin XCRemoteSwiftPackageReference section */
		5481703C236E7ADB00FEF1C3 /* XCRemoteSwiftPackageReference "RemoteImage" */ = {
			isa = XCRemoteSwiftPackageReference;
			repositoryURL = "https://github.com/crelies/RemoteImage";
			requirement = {
				kind = upToNextMajorVersion;
				minimumVersion = 0.1.0;
			};
		};
/* End XCRemoteSwiftPackageReference section */

/* Begin XCSwiftPackageProductDependency section */
		5481703D236E7ADB00FEF1C3 /* RemoteImage */ = {
			isa = XCSwiftPackageProductDependency;
			package = 5481703C236E7ADB00FEF1C3 /* XCRemoteSwiftPackageReference "RemoteImage" */;
			productName = RemoteImage;
		};
/* End XCSwiftPackageProductDependency section */

/* Begin XCVersionGroup section */
		1CB7DDC623668E8E000ED455 /* intripid_dev.xcdatamodeld */ = {
			isa = XCVersionGroup;
			children = (
				1CB7DDC723668E8E000ED455 /* intripid_dev.xcdatamodel */,
			);
			currentVersion = 1CB7DDC723668E8E000ED455 /* intripid_dev.xcdatamodel */;
			path = intripid_dev.xcdatamodeld;
			sourceTree = "<group>";
			versionGroupType = wrapper.xcdatamodel;
		};
/* End XCVersionGroup section */
	};
	rootObject = 1CB7DDB723668E8E000ED455 /* Project object */;
}
