{
  "object": {
    "pins": [
      {
        "package": "SwiftUICharts",
        "repositoryURL": "https://github.com/AppPear/ChartView",
        "state": {
          "branch": null,
          "revision": "20fb782a3ec0f490e7f52b92f8911386a5b13ce9",
          "version": "1.4.2"
        }
      },
      {
        "package": "RemoteImage",
        "repositoryURL": "https://github.com/crelies/RemoteImage",
        "state": {
          "branch": null,
          "revision": "d5e498f41ad52c9b4b03241c38f1414cd29ef211",
          "version": "0.1.0"
        }
      }
    ]
  },
  "version": 1
}
